
Microsoft Visual Studio Solution File, Format Version 12.00
# Visual Studio Version 16
VisualStudioVersion = 25.0.1703.3
MinimumVisualStudioVersion = 10.0.40219.1
Project("{FAE04EC0-301F-11D3-BF4B-00C04F79EFBC}") = "OOPLab1", "OOPLab1\OOPLab1.csproj", "{9EC61FC5-A9D1-43BD-81A6-8B9C2B86B0E9}"
EndProject
Global
	GlobalSection(SolutionConfigurationPlatforms) = preSolution
		Debug|Any CPU = Debug|Any CPU
		Release|Any CPU = Release|Any CPU
	EndGlobalSection
	GlobalSection(ProjectConfigurationPlatforms) = postSolution
		{9EC61FC5-A9D1-43BD-81A6-8B9C2B86B0E9}.Debug|Any CPU.ActiveCfg = Debug|Any CPU
		{9EC61FC5-A9D1-43BD-81A6-8B9C2B86B0E9}.Debug|Any CPU.Build.0 = Debug|Any CPU
		{9EC61FC5-A9D1-43BD-81A6-8B9C2B86B0E9}.Release|Any CPU.ActiveCfg = Release|Any CPU
		{9EC61FC5-A9D1-43BD-81A6-8B9C2B86B0E9}.Release|Any CPU.Build.0 = Release|Any CPU
	EndGlobalSection
	GlobalSection(SolutionProperties) = preSolution
		HideSolutionNode = FALSE
	EndGlobalSection
	GlobalSection(ExtensibilityGlobals) = postSolution
		SolutionGuid = {DC598B3F-3AD2-4986-A18D-057B6D07F7B2}
	EndGlobalSection
EndGlobal
